
Microsoft Visual Studio Solution File, Format Version 12.00
# Visual Studio Version 17
VisualStudioVersion = 17.1.32421.90
MinimumVisualStudioVersion = 10.0.40219.1
Project("{FAE04EC0-301F-11D3-BF4B-00C04F79EFBC}") = "Basic_core_Programs", "Basic_core_Programs\Basic_core_Programs.csproj", "{9AC35E82-2F0F-4E90-994C-247E1EA86820}"
EndProject
Global
	GlobalSection(SolutionConfigurationPlatforms) = preSolution
		Debug|Any CPU = Debug|Any CPU
		Release|Any CPU = Release|Any CPU
	EndGlobalSection
	GlobalSection(ProjectConfigurationPlatforms) = postSolution
		{9AC35E82-2F0F-4E90-994C-247E1EA86820}.Debug|Any CPU.ActiveCfg = Debug|Any CPU
		{9AC35E82-2F0F-4E90-994C-247E1EA86820}.Debug|Any CPU.Build.0 = Debug|Any CPU
		{9AC35E82-2F0F-4E90-994C-247E1EA86820}.Release|Any CPU.ActiveCfg = Release|Any CPU
		{9AC35E82-2F0F-4E90-994C-247E1EA86820}.Release|Any CPU.Build.0 = Release|Any CPU
	EndGlobalSection
	GlobalSection(SolutionProperties) = preSolution
		HideSolutionNode = FALSE
	EndGlobalSection
	GlobalSection(ExtensibilityGlobals) = postSolution
		SolutionGuid = {3E13DE90-806F-4610-8E9B-AD87E05607C4}
	EndGlobalSection
EndGlobal
